# This file is automatically @generated by Cargo.
# It is not intended for manual editing.
version = 3

[[package]]
name = "snowflake-fsp"
version = "0.1.0"
dependencies = [
 "windows",
]

[[package]]
name = "windows"
version = "0.39.0"
source = "registry+https://github.com/rust-lang/crates.io-index"
checksum = "f1c4bd0a50ac6020f65184721f758dba47bb9fbc2133df715ec74a237b26794a"
dependencies = [
 "windows_aarch64_msvc",
 "windows_i686_gnu",
 "windows_i686_msvc",
 "windows_x86_64_gnu",
 "windows_x86_64_msvc",
]

[[package]]
name = "windows_aarch64_msvc"
version = "0.39.0"
source = "registry+https://github.com/rust-lang/crates.io-index"
checksum = "ec7711666096bd4096ffa835238905bb33fb87267910e154b18b44eaabb340f2"

[[package]]
name = "windows_i686_gnu"
version = "0.39.0"
source = "registry+https://github.com/rust-lang/crates.io-index"
checksum = "763fc57100a5f7042e3057e7e8d9bdd7860d330070251a73d003563a3bb49e1b"

[[package]]
name = "windows_i686_msvc"
version = "0.39.0"
source = "registry+https://github.com/rust-lang/crates.io-index"
checksum = "7bc7cbfe58828921e10a9f446fcaaf649204dcfe6c1ddd712c5eebae6bda1106"

[[package]]
name = "windows_x86_64_gnu"
version = "0.39.0"
source = "registry+https://github.com/rust-lang/crates.io-index"
checksum = "6868c165637d653ae1e8dc4d82c25d4f97dd6605eaa8d784b5c6e0ab2a252b65"

[[package]]
name = "windows_x86_64_msvc"
version = "0.39.0"
source = "registry+https://github.com/rust-lang/crates.io-index"
checksum = "5e4d40883ae9cae962787ca76ba76390ffa29214667a111db9e0a1ad8377e809"
